# This file was autogenerated by Stack.
# You should not edit this file by hand.
# For more information, please see the documentation at:
#   https://docs.haskellstack.org/en/stable/lock_files

packages:
- completed:
    size: 37048
    url: https://github.com/jcpetruzza/barbies/archive/0b09a4235cd719aa3df9f9467f3e8fee81446bc8.tar.gz
    cabal-file:
      size: 3889
      sha256: 76f461a94fcf4bdc19b8804900ca13b4625342c85b9d777b2253e49d72eddd2c
    name: barbies
    version: '1.999999999999'
    sha256: 42082ff37c0890bc5f5cf7b8d68c738298902a9219c3cea133d79fc6c04e7fc4
    pantry-tree:
      size: 3809
      sha256: 5aae37a6d2dd54b124723c90316386ba48c06283dbaed148dc62ba181bdbc94d
  original:
    url: https://github.com/jcpetruzza/barbies/archive/0b09a4235cd719aa3df9f9467f3e8fee81446bc8.tar.gz
snapshots:
- completed:
    size: 443071
    url: https://raw.githubusercontent.com/commercialhaskell/stackage-snapshots/master/nightly/2020/1/4.yaml
    sha256: 9edba8e02bded9b0e6ce3896ba52b7e5ba0423cc5182e821b8a3663effd9a5ae
  original: nightly-2020-01-04
