# This file was autogenerated by Stack.
# You should not edit this file by hand.
# For more information, please see the documentation at:
#   https://docs.haskellstack.org/en/stable/lock_files

packages:
- completed:
    hackage: commonmark-0.1.0.2@sha256:fbff7a2ade0ce7d699964a87f765e503a3a9e22542c05f0f02ba7aad64e38af4,3278
    pantry-tree:
      size: 1346
      sha256: 991da6da60804286b9ea23a1522e18ceeabddfdf416787231db9fd047c163f53
  original:
    hackage: commonmark-0.1.0.2
- completed:
    hackage: commonmark-extensions-0.2.0.1@sha256:647aa8dba5fd46984ddedc15c3693c9c4d9655503d42006576bd8f0dadf8cd39,3176
    pantry-tree:
      size: 2927
      sha256: 89e1ee05938d558834c397a3a22cdacc755a1941c144f4c1f3daf8a1ede943ce
  original:
    hackage: commonmark-extensions-0.2.0.1
- completed:
    hackage: commonmark-pandoc-0.2.0.1@sha256:529c6e2c6cabf61558b66a28123eafc1d90d3324be29819f59f024e430312c1f,1105
    pantry-tree:
      size: 326
      sha256: d9954a15f73c8fe55a5097e1cc0957fa626d340ef36e2beefb8caae66008c3dc
  original:
    hackage: commonmark-pandoc-0.2.0.1
- completed:
    hackage: doctemplates-0.8.2@sha256:91a7627e539782885119565f55339a8603513ff63eeed665434a2d1fb6bc7cba,3111
    pantry-tree:
      size: 2303
      sha256: 242039d487538eaf43c024cf1c0c00c3fd50ad132068a724c06c1a05eb2d2619
  original:
    hackage: doctemplates-0.8.2
- completed:
    hackage: extensible-0.8.1@sha256:280840e31d92510b342d6a8d82d7af39cfd250194f9c26fca1d5cd406ee206f6,2946
    pantry-tree:
      size: 2097
      sha256: 49d78392bc6da683fe08b01b7e513b5eb471df1b8157616ca4d9dad0a9a23d3d
  original:
    hackage: extensible-0.8.1
- completed:
    hackage: file-embed-0.0.11.2@sha256:544b15a7de92f1e81e38ae5c3ea3ddc537a3ee9ce89cc3555ef0af420ea57d70,1327
    pantry-tree:
      size: 477
      sha256: b6297f2e5f1d002ba23be2cf3a0984cc40c120c4defb8c031c7ec311651a9e0d
  original:
    hackage: file-embed-0.0.11.2
- completed:
    hackage: hakyll-4.13.4.1@sha256:199fa0f7e6e98a1a1858852f8f6a3be2e0f1e4becbe6b9a64db47dac0740ddf2,8867
    pantry-tree:
      size: 7842
      sha256: 62e697966218eb433402a0a6043bc489a5d655cf8e96ebe58ea4ba3cc0ed7cf1
  original:
    hackage: hakyll-4.13.4.1
- completed:
    size: 3821
    url: https://github.com/waddlaw/hakyll-sass/archive/c6339eed1b39a370d95620326e760b5e66e576f6.tar.gz
    name: hakyll-sass
    version: 0.3.1
    sha256: 28db82c3f4ca1e69be81cd7321026194134ee6fe704b01c42ba34eb666a22032
    pantry-tree:
      size: 501
      sha256: 71071745b2679309ca86a74ee44af69fa47da68038d73b66987fdda8de7ad39e
  original:
    url: https://github.com/waddlaw/hakyll-sass/archive/c6339eed1b39a370d95620326e760b5e66e576f6.tar.gz
- completed:
    hackage: hslua-1.1.2@sha256:6c231b2af447430d1ed04f065d40bb6882ece93cc7f32f4051dc99deb69beeae,9694
    pantry-tree:
      size: 6820
      sha256: 62e61f6d08191159a070dcbaa20284a581835de620105a254dbee1c7ddfabd9d
  original:
    hackage: hslua-1.1.2
- completed:
    hackage: hslua-module-text-0.2.1@sha256:c97f7fea92d12cfc9923d6bf893a6b3918bda756893a8db7840349ff3199b054,1653
    pantry-tree:
      size: 415
      sha256: c3620d1c0f4b4626c9364c18786fb3af2fac578874da578e5e96b4d9abfee175
  original:
    hackage: hslua-module-text-0.2.1
- completed:
    hackage: incremental-0.3.1@sha256:9c697bae4f7e5ceb144bde13e03ca2f36b4bc2d0c92bbc02e0a604231ee279c2,1153
    pantry-tree:
      size: 370
      sha256: fd5f40352dbf1602babd2c5db2a120c26e57bbd5ad30b19ce24d04189f6a18d1
  original:
    hackage: incremental-0.3.1
- completed:
    hackage: membership-0@sha256:3a11d8fd53cb1a76bb9273e6c929bbf9d649f109714bf487abb3143be04ddc81,995
    pantry-tree:
      size: 408
      sha256: 3b593e0d14e848e318e745555776ebb25210e5e3dec4fde5d3c08ab51ceddc62
  original:
    hackage: membership-0
- completed:
    hackage: pandoc-2.10.1@sha256:23d7ec480c7cb86740475a419d6ca4819987b6dd23bbae9b50bc3d42a7ed2f9f,36933
    pantry-tree:
      size: 89646
      sha256: 08c8b20356152b9ee8161bacafda2dc1bed13d7db4cbf38ab040c1977b2d28d5
  original:
    hackage: pandoc-2.10.1
- completed:
    hackage: pandoc-citeproc-0.17.0.2@sha256:39c5c60a5eca2c1cb50ae9a00dc7093ca1baac78ad5be4e222505de257dce456,8737
    pantry-tree:
      size: 25684
      sha256: 8a5f6398d750902d79c215a4c8f85c74f3e7ea572dd1f950d57e784669ac7a48
  original:
    hackage: pandoc-citeproc-0.17.0.2
- completed:
    hackage: pandoc-types-1.21@sha256:b61ed625da4d1a0d8057fcca4c0c5e174c9f45d94b41504db1532f3fc581e945,4037
    pantry-tree:
      size: 713
      sha256: e26eb93747538e29168032985a03b428039a16000fea1a4a8d9b9b032ac98b5f
  original:
    hackage: pandoc-types-1.21
- completed:
    hackage: skylighting-0.8.5@sha256:a6e316e7440f0395d64f3a412cd6985783ec68a171e117d5e1bab1204c565a71,9726
    pantry-tree:
      size: 10380
      sha256: 5921bd1c9df9fe368ac3d15b5e772358040fb32d57e7821ad9b8107e6955bc8d
  original:
    hackage: skylighting-0.8.5
- completed:
    hackage: skylighting-core-0.8.5@sha256:f35397ea99d7d0fd4f45899102c040408d2bab802ea9d08ad1a970be58b43b49,8056
    pantry-tree:
      size: 13279
      sha256: 0bae843648475c76fc412153a40b62be0072a6251b6486d2108c2234ddc56f60
  original:
    hackage: skylighting-core-0.8.5
snapshots:
- completed:
    size: 560077
    url: https://raw.githubusercontent.com/commercialhaskell/stackage-snapshots/master/nightly/2021/1/3.yaml
    sha256: e680d24cd507f8c8659336a3c5d6fd87dc5a132a1eea1e8a053603249a17aa08
  original: nightly-2021-01-03
