# This file was autogenerated by Stack.
# You should not edit this file by hand.
# For more information, please see the documentation at:
#   https://docs.haskellstack.org/en/stable/lock_files

packages:
- completed:
    hackage: extensible-0.8@sha256:45ca089909ae434329e4d05dc557be94ff04f24c43ff9b915bd90c0599c83211,2911
    pantry-tree:
      size: 2097
      sha256: d602c9d623afd9186a4d55898ef97f0dfb7f81ffbd5bae86e2238b3694d702fb
  original:
    hackage: extensible-0.8
- completed:
    hackage: file-embed-0.0.11.2@sha256:544b15a7de92f1e81e38ae5c3ea3ddc537a3ee9ce89cc3555ef0af420ea57d70,1327
    pantry-tree:
      size: 477
      sha256: b6297f2e5f1d002ba23be2cf3a0984cc40c120c4defb8c031c7ec311651a9e0d
  original:
    hackage: file-embed-0.0.11.2
- completed:
    hackage: hakyll-4.13.3.0@sha256:7d8903f03974691aec049a6188ace8d93457563bad9f078c6faf4c9156e27a33,8867
    pantry-tree:
      size: 7841
      sha256: bdbacc241f680dd0c8d7666c9ec4e7d230dad85172067e106cc35f7c125cd7ab
  original:
    hackage: hakyll-4.13.3.0
- completed:
    hackage: hsass-0.8.0@sha256:05fb3d435dbdf9f66a98db4e1ee57a313170a677e52ab3a5a05ced1fc42b0834,2899
    pantry-tree:
      size: 1448
      sha256: b25aeb947cb4e0b550f8a6f226d06503ef0edcb54712ad9cdd4fb2b05bf16c7c
  original:
    hackage: hsass-0.8.0
- completed:
    hackage: membership-0@sha256:3a11d8fd53cb1a76bb9273e6c929bbf9d649f109714bf487abb3143be04ddc81,995
    pantry-tree:
      size: 408
      sha256: 3b593e0d14e848e318e745555776ebb25210e5e3dec4fde5d3c08ab51ceddc62
  original:
    hackage: membership-0
- completed:
    hackage: hlibsass-0.1.9.0@sha256:a506590771134569cf308498bcc62604b81f8a2beb885d11db058fd0d7bcd75d,2564
    pantry-tree:
      size: 10549
      sha256: c47fdf9abd68f9cd23246904948fa2caa8643de746efd03350682d097fc453ab
  original:
    hackage: hlibsass-0.1.9.0
- completed:
    size: 3755
    url: https://github.com/waddlaw/hakyll-sass/archive/f4d2e7f003e15f5bfae3cd0f868d574d52e3312a.tar.gz
    name: hakyll-sass
    version: '0.3'
    sha256: 9e0845a18d00473c052572917df1605c73ebbc62f118770918950ef9963b0779
    pantry-tree:
      size: 501
      sha256: 4684d0ac33c2dd79cbb2521ae289dd597f9b9bbfbd49a30a3aae5e2efeb3fc97
  original:
    url: https://github.com/waddlaw/hakyll-sass/archive/f4d2e7f003e15f5bfae3cd0f868d574d52e3312a.tar.gz
snapshots:
- completed:
    size: 531237
    url: https://raw.githubusercontent.com/commercialhaskell/stackage-snapshots/master/lts/16/1.yaml
    sha256: 954b6b14b0c8130732cf4773f7ebb4efc9a44600d1a5265d142868bf93462bc6
  original: lts-16.1
