# This file was autogenerated by Stack.
# You should not edit this file by hand.
# For more information, please see the documentation at:
#   https://docs.haskellstack.org/en/stable/lock_files

packages:
- completed:
    hackage: extensible-0.8.2@sha256:f3e7497709199034222e10ba45d3730e21155fb89159ccf1fb0b55f1d7d02697,2963
    pantry-tree:
      size: 2041
      sha256: 29d9d1cfb1c5348141f859e74739d212d3c5af9ff0ec359e3f66f872d4be8bc6
  original:
    hackage: extensible-0.8.2
- completed:
    size: 376077
    url: https://github.com/jaspervdj/hakyll/archive/22f7e88bdda221f84cad5da89ac0b4c266e06ba3.tar.gz
    name: hakyll
    version: 4.14.0.0
    sha256: 9c219a81b90d47ae3f0003f88fa6520ef83b47b27515a62d6ebe8c53297a56b4
    pantry-tree:
      size: 12407
      sha256: f617c4c68516fc59d28eec8fda14b534f9cd11186f21c0a320ff68f8a558c785
  original:
    url: https://github.com/jaspervdj/hakyll/archive/22f7e88bdda221f84cad5da89ac0b4c266e06ba3.tar.gz
- completed:
    size: 4286
    url: https://github.com/waddlaw/hakyll-sass/archive/b3539f6b62b6bcaa2f03cd1ff1d814ad17588863.tar.gz
    name: hakyll-sass
    version: 0.3.4
    sha256: 4427db7a41a599e4f64eb52a2e311823b18478e9366cb96546d55a8eedc24c51
    pantry-tree:
      size: 692
      sha256: edf0527875fb54e1c6b80d5086fb3c743bb911e7762c8e85c782464d246c33b4
  original:
    url: https://github.com/waddlaw/hakyll-sass/archive/b3539f6b62b6bcaa2f03cd1ff1d814ad17588863.tar.gz
- completed:
    hackage: incremental-0.3.1@sha256:9c697bae4f7e5ceb144bde13e03ca2f36b4bc2d0c92bbc02e0a604231ee279c2,1153
    pantry-tree:
      size: 370
      sha256: fd5f40352dbf1602babd2c5db2a120c26e57bbd5ad30b19ce24d04189f6a18d1
  original:
    hackage: incremental-0.3.1
- completed:
    hackage: membership-0.0.1@sha256:6c4d4ab6e3fb3253c6c670e8a63f74454dc91be50b9f292d0b1355792190aee5,999
    pantry-tree:
      size: 408
      sha256: b918a1a207108313b2bf453b0d9aa65122d9845c4b360c8ade46d3429ff1107a
  original:
    hackage: membership-0.0.1
snapshots:
- completed:
    size: 571803
    url: https://raw.githubusercontent.com/commercialhaskell/stackage-snapshots/master/nightly/2021/8/8.yaml
    sha256: 8492e8c97cab9a573cc1a559c688201fd29db575bada55d867717188791c7133
  original: nightly-2021-08-08
