# This file was autogenerated by Stack.
# You should not edit this file by hand.
# For more information, please see the documentation at:
#   https://docs.haskellstack.org/en/stable/lock_files

packages:
- completed:
    hackage: base-noprelude-4.13.0.0@sha256:3cccbfda38e1422ca5cc436d58858ba51ff9114d2ed87915a6569be11e4e5a90,6842
    pantry-tree:
      size: 112
      sha256: 90db92c8401880187ce642c5345407bcbd9546ea235524dd445cab2566ee3db1
  original:
    hackage: base-noprelude-4.13.0.0
- completed:
    hackage: extensible-0.8@sha256:45ca089909ae434329e4d05dc557be94ff04f24c43ff9b915bd90c0599c83211,2911
    pantry-tree:
      size: 2097
      sha256: d602c9d623afd9186a4d55898ef97f0dfb7f81ffbd5bae86e2238b3694d702fb
  original:
    hackage: extensible-0.8
- completed:
    hackage: haddock-library-1.8.0@sha256:293544a80c3d817a021fec69c430e808914a9d86db0c6bd6e96a386607a66627,3850
    pantry-tree:
      size: 3397
      sha256: 2fb23fd09565829807a0368011cd57ea13e9a79fa4c65a47810aaf9a528427c2
  original:
    hackage: haddock-library-1.8.0
- completed:
    hackage: hakyll-4.13.3.0@sha256:7d8903f03974691aec049a6188ace8d93457563bad9f078c6faf4c9156e27a33,8867
    pantry-tree:
      size: 7841
      sha256: bdbacc241f680dd0c8d7666c9ec4e7d230dad85172067e106cc35f7c125cd7ab
  original:
    hackage: hakyll-4.13.3.0
- completed:
    size: 3755
    url: https://github.com/waddlaw/hakyll-sass/archive/f4d2e7f003e15f5bfae3cd0f868d574d52e3312a.tar.gz
    name: hakyll-sass
    version: '0.3'
    sha256: 9e0845a18d00473c052572917df1605c73ebbc62f118770918950ef9963b0779
    pantry-tree:
      size: 501
      sha256: 4684d0ac33c2dd79cbb2521ae289dd597f9b9bbfbd49a30a3aae5e2efeb3fc97
  original:
    url: https://github.com/waddlaw/hakyll-sass/archive/f4d2e7f003e15f5bfae3cd0f868d574d52e3312a.tar.gz
- completed:
    hackage: hlibsass-0.1.10.1@sha256:08db56c633e9a83a642d8ea57dffa93112b092d05bf8f3b07491cfee9ee0dfa5,2565
    pantry-tree:
      size: 11229
      sha256: 39b62f1f3f30c5a9e12f9c6a040d6863edb5ce81951452e649152a18145ee1bc
  original:
    hackage: hlibsass-0.1.10.1
- completed:
    hackage: hsass-0.8.0@sha256:05fb3d435dbdf9f66a98db4e1ee57a313170a677e52ab3a5a05ced1fc42b0834,2899
    pantry-tree:
      size: 1448
      sha256: b25aeb947cb4e0b550f8a6f226d06503ef0edcb54712ad9cdd4fb2b05bf16c7c
  original:
    hackage: hsass-0.8.0
- completed:
    hackage: membership-0@sha256:3a11d8fd53cb1a76bb9273e6c929bbf9d649f109714bf487abb3143be04ddc81,995
    pantry-tree:
      size: 408
      sha256: 3b593e0d14e848e318e745555776ebb25210e5e3dec4fde5d3c08ab51ceddc62
  original:
    hackage: membership-0
- completed:
    hackage: pandoc-2.9.2.1@sha256:0331f5ddf7bec06058fe38713ab55d3e60aac72b32f26a30e247a0ee5b15db13,36158
    pantry-tree:
      size: 88382
      sha256: e5afe198bbb039f7801de61295978669fa64364bd3d01bb70580e03b53cf999d
  original:
    hackage: pandoc-2.9.2.1
- completed:
    hackage: pandoc-citeproc-0.17.0.1@sha256:c0d4815dc6ef21a6cbe2ea777d31fa46590412d0ef4df8cb20b87105a0e17770,8721
    pantry-tree:
      size: 25684
      sha256: 13686c272aa58730e4a7436d8117174d31ec373ca932085c44aed7bcae3417ec
  original:
    hackage: pandoc-citeproc-0.17.0.1
- completed:
    hackage: pandoc-types-1.20@sha256:8393b1a73b8a6a1f3feaeb3a6592c176461082c3e4d897f1b316b1a58dd84c39,3999
    pantry-tree:
      size: 855
      sha256: cdaa66d381a21406434e7a733c9b9291a3bc44b623e7a9f97ef335283770f3fa
  original:
    hackage: pandoc-types-1.20
- completed:
    hackage: template-haskell-2.16.0.0@sha256:71d8c2e92b712695cb4fd0be9cd1a41b05c25315e9748cfef1132bf4d02b6556,1917
    pantry-tree:
      size: 850
      sha256: 77c73ebdcd718abd1a5f0a165e7a9ddf7c461693be479405edb43af535cc42d7
  original:
    hackage: template-haskell-2.16.0.0
snapshots:
- completed:
    size: 504476
    url: https://raw.githubusercontent.com/commercialhaskell/stackage-snapshots/master/nightly/2020/6/28.yaml
    sha256: fea1192a1905e836e6e0d0be54de15f5036e0a20e2128d69c45d00da20a31261
  original: nightly-2020-06-28
