# This file was autogenerated by Stack.
# You should not edit this file by hand.
# For more information, please see the documentation at:
#   https://docs.haskellstack.org/en/stable/lock_files

packages:
- completed:
    hackage: extensible-0.8@sha256:45ca089909ae434329e4d05dc557be94ff04f24c43ff9b915bd90c0599c83211,2911
    pantry-tree:
      size: 2097
      sha256: d602c9d623afd9186a4d55898ef97f0dfb7f81ffbd5bae86e2238b3694d702fb
  original:
    hackage: extensible-0.8
- completed:
    hackage: hsass-0.8.0@sha256:05fb3d435dbdf9f66a98db4e1ee57a313170a677e52ab3a5a05ced1fc42b0834,2899
    pantry-tree:
      size: 1448
      sha256: b25aeb947cb4e0b550f8a6f226d06503ef0edcb54712ad9cdd4fb2b05bf16c7c
  original:
    hackage: hsass-0.8.0
- completed:
    hackage: hlibsass-0.1.10.1@sha256:08db56c633e9a83a642d8ea57dffa93112b092d05bf8f3b07491cfee9ee0dfa5,2565
    pantry-tree:
      size: 11229
      sha256: 39b62f1f3f30c5a9e12f9c6a040d6863edb5ce81951452e649152a18145ee1bc
  original:
    hackage: hlibsass-0.1.10.1
- completed:
    size: 3821
    url: https://github.com/waddlaw/hakyll-sass/archive/c6339eed1b39a370d95620326e760b5e66e576f6.tar.gz
    name: hakyll-sass
    version: 0.3.1
    sha256: 28db82c3f4ca1e69be81cd7321026194134ee6fe704b01c42ba34eb666a22032
    pantry-tree:
      size: 501
      sha256: 71071745b2679309ca86a74ee44af69fa47da68038d73b66987fdda8de7ad39e
  original:
    url: https://github.com/waddlaw/hakyll-sass/archive/c6339eed1b39a370d95620326e760b5e66e576f6.tar.gz
- completed:
    hackage: membership-0@sha256:3a11d8fd53cb1a76bb9273e6c929bbf9d649f109714bf487abb3143be04ddc81,995
    pantry-tree:
      size: 408
      sha256: 3b593e0d14e848e318e745555776ebb25210e5e3dec4fde5d3c08ab51ceddc62
  original:
    hackage: membership-0
snapshots:
- completed:
    size: 533252
    url: https://raw.githubusercontent.com/commercialhaskell/stackage-snapshots/master/lts/16/27.yaml
    sha256: c2aaae52beeacf6a5727c1010f50e89d03869abfab6d2c2658ade9da8ed50c73
  original: lts-16.27
