# This file was autogenerated by Stack.
# You should not edit this file by hand.
# For more information, please see the documentation at:
#   https://docs.haskellstack.org/en/stable/lock_files

packages:
- completed:
    hackage: extensible-0.7@sha256:12dfa21548aba9f3b02a2f708a935240bae43383945f41e4e9054f37e421035b,2859
    pantry-tree:
      size: 2149
      sha256: 732d4bf93a15cbbbaa344ae3ee1e2bdbfa12b0c90df9595c18d543da9d29a33c
  original:
    hackage: extensible-0.7
- completed:
    hackage: hakyll-4.13.0.1@sha256:0f27d74feaedc96648ec5377ecec2b35dd677516c9667d179462a350f2075628,8817
    pantry-tree:
      size: 7841
      sha256: 4a4409d287ee3daabb0141e3ebd3d2e88ead7382ba5cc582733907b4a938c4a8
  original:
    hackage: hakyll-4.13.0.1
- completed:
    hackage: http2-1.6.5@sha256:f1743ba4a267f525106c218894e4bd2acf28fa047a9ba660b4a317a97382a877,13999
    pantry-tree:
      size: 43676
      sha256: 7c5c74e748187ae08baafab4af661147dcc128f1464305de68a06c3f0949cb91
  original:
    hackage: http2-1.6.5@sha256:f1743ba4a267f525106c218894e4bd2acf28fa047a9ba660b4a317a97382a877,13999
- completed:
    hackage: membership-0@sha256:3a11d8fd53cb1a76bb9273e6c929bbf9d649f109714bf487abb3143be04ddc81,995
    pantry-tree:
      size: 408
      sha256: 3b593e0d14e848e318e745555776ebb25210e5e3dec4fde5d3c08ab51ceddc62
  original:
    hackage: membership-0
- completed:
    hackage: warp-3.2.28@sha256:b32fb8fed7ace4bd206fd897c388c00cdb915ec7e34ee61dc6397d518d9e651c,11186
    pantry-tree:
      size: 4227
      sha256: a08eab2f15d6be431d00cd31a8b87a7e5ce87f203aad06916f9af0c673ec8a7d
  original:
    hackage: warp-3.2.28@sha256:b32fb8fed7ace4bd206fd897c388c00cdb915ec7e34ee61dc6397d518d9e651c,11186
- completed:
    size: 4157
    url: https://github.com/waddlaw/hakyll-sass/archive/e72a7740756a0544902d3e92a3caad2315ead956.tar.gz
    cabal-file:
      size: 1098
      sha256: eeeb5fa85e7986635e9cdd45d739609880509b76e5999f83a5a0c67c108c63f5
    name: hakyll-sass
    version: '0.3'
    sha256: 0994e42324bb6e49d8545ac3340992d43fc72fbb39ecdaf59f850957c9a823b2
    pantry-tree:
      size: 553
      sha256: 4d1db2a2af00310b2a6d3bb4836b2c0fb6dcf21f4ca74d4ac0c26901b3c5e789
  original:
    url: https://github.com/waddlaw/hakyll-sass/archive/e72a7740756a0544902d3e92a3caad2315ead956.tar.gz
snapshots:
- completed:
    size: 524789
    url: https://raw.githubusercontent.com/commercialhaskell/stackage-snapshots/master/lts/14/18.yaml
    sha256: 646be71223e08234131c6989912e6011e01b9767bc447b6d466a35e14360bdf2
  original: lts-14.18
